
Microsoft Visual Studio Solution File, Format Version 12.00
# Visual Studio Version 17
VisualStudioVersion = 17.5.002.0
MinimumVisualStudioVersion = 10.0.40219.1
Project("{9A19103F-16F7-4668-BE54-9A1E7A4F7556}") = "ncoreapi", "ncoreapi\ncoreapi.csproj", "{ACB71418-5A6F-460D-B2D7-765734EC106E}"
EndProject
Global
	GlobalSection(SolutionConfigurationPlatforms) = preSolution
		Debug|Any CPU = Debug|Any CPU
		Release|Any CPU = Release|Any CPU
	EndGlobalSection
	GlobalSection(ProjectConfigurationPlatforms) = postSolution
		{ACB71418-5A6F-460D-B2D7-765734EC106E}.Debug|Any CPU.ActiveCfg = Debug|Any CPU
		{ACB71418-5A6F-460D-B2D7-765734EC106E}.Debug|Any CPU.Build.0 = Debug|Any CPU
		{ACB71418-5A6F-460D-B2D7-765734EC106E}.Release|Any CPU.ActiveCfg = Release|Any CPU
		{ACB71418-5A6F-460D-B2D7-765734EC106E}.Release|Any CPU.Build.0 = Release|Any CPU
	EndGlobalSection
	GlobalSection(SolutionProperties) = preSolution
		HideSolutionNode = FALSE
	EndGlobalSection
	GlobalSection(ExtensibilityGlobals) = postSolution
		SolutionGuid = {25369747-6B93-472E-AC0C-CE37825FDA15}
	EndGlobalSection
EndGlobal
